
Microsoft Visual Studio Solution File, Format Version 12.00
# Visual Studio Version 17
VisualStudioVersion = 17.0.31903.59
MinimumVisualStudioVersion = 10.0.40219.1
Project("{9A19103F-16F7-4668-BE54-9A1E7A4F7556}") = "OOP-01", "OOP-01\OOP-01.csproj", "{64155307-395A-4A06-99D8-7C987054AE4E}"
EndProject
Project("{9A19103F-16F7-4668-BE54-9A1E7A4F7556}") = "OOP-02", "OOP-02\OOP-02.csproj", "{49362E39-2C7E-4309-BEE3-8A2EBEFC3FB4}"
EndProject
Project("{9A19103F-16F7-4668-BE54-9A1E7A4F7556}") = "OOP-03", "OOP-03\OOP-03.csproj", "{2D53FB9D-E78E-4D28-8A87-1D6DEBBF6465}"
EndProject
Project("{9A19103F-16F7-4668-BE54-9A1E7A4F7556}") = "OOP-04", "OOP-04\OOP-04.csproj", "{0C3466EE-E9FA-4ECA-A6FA-9E8CEAEDAB77}"
EndProject
Project("{9A19103F-16F7-4668-BE54-9A1E7A4F7556}") = "OOP-05", "OOP-05\OOP-05.csproj", "{4F3FDC3E-7DD2-48B0-AEB4-7301EDC8CD91}"
EndProject
Project("{9A19103F-16F7-4668-BE54-9A1E7A4F7556}") = "OOP-06", "OOP-06\OOP-06.csproj", "{55E7AF83-DA5C-43A3-9803-5BB878D893A1}"
EndProject
Project("{9A19103F-16F7-4668-BE54-9A1E7A4F7556}") = "OOP-08", "OOP-08\OOP-08.csproj", "{BBC41C42-FD43-47CA-8C00-F51BE3F043F1}"
EndProject
Project("{9A19103F-16F7-4668-BE54-9A1E7A4F7556}") = "OOP-10", "OOP-10\OOP-10.csproj", "{BFEB6880-74BB-4BFD-A5C8-CCAC95BFF6A7}"
EndProject
Project("{FAE04EC0-301F-11D3-BF4B-00C04F79EFBC}") = "OOP-12", "OOP-12\OOP-12.csproj", "{EDB9F38F-994B-4834-BBA7-419A3A028197}"
EndProject
Project("{FAE04EC0-301F-11D3-BF4B-00C04F79EFBC}") = "OOP-13", "OOP-13\OOP-13.csproj", "{DBBDFD94-A7B1-434F-B2F0-BC4474E0E46B}"
EndProject
Global
	GlobalSection(SolutionConfigurationPlatforms) = preSolution
		Debug|Any CPU = Debug|Any CPU
		Release|Any CPU = Release|Any CPU
	EndGlobalSection
	GlobalSection(ProjectConfigurationPlatforms) = postSolution
		{64155307-395A-4A06-99D8-7C987054AE4E}.Debug|Any CPU.ActiveCfg = Debug|Any CPU
		{64155307-395A-4A06-99D8-7C987054AE4E}.Debug|Any CPU.Build.0 = Debug|Any CPU
		{64155307-395A-4A06-99D8-7C987054AE4E}.Release|Any CPU.ActiveCfg = Release|Any CPU
		{64155307-395A-4A06-99D8-7C987054AE4E}.Release|Any CPU.Build.0 = Release|Any CPU
		{49362E39-2C7E-4309-BEE3-8A2EBEFC3FB4}.Debug|Any CPU.ActiveCfg = Debug|Any CPU
		{49362E39-2C7E-4309-BEE3-8A2EBEFC3FB4}.Debug|Any CPU.Build.0 = Debug|Any CPU
		{49362E39-2C7E-4309-BEE3-8A2EBEFC3FB4}.Release|Any CPU.ActiveCfg = Release|Any CPU
		{49362E39-2C7E-4309-BEE3-8A2EBEFC3FB4}.Release|Any CPU.Build.0 = Release|Any CPU
		{2D53FB9D-E78E-4D28-8A87-1D6DEBBF6465}.Debug|Any CPU.ActiveCfg = Debug|Any CPU
		{2D53FB9D-E78E-4D28-8A87-1D6DEBBF6465}.Debug|Any CPU.Build.0 = Debug|Any CPU
		{2D53FB9D-E78E-4D28-8A87-1D6DEBBF6465}.Release|Any CPU.ActiveCfg = Release|Any CPU
		{2D53FB9D-E78E-4D28-8A87-1D6DEBBF6465}.Release|Any CPU.Build.0 = Release|Any CPU
		{0C3466EE-E9FA-4ECA-A6FA-9E8CEAEDAB77}.Debug|Any CPU.ActiveCfg = Debug|Any CPU
		{0C3466EE-E9FA-4ECA-A6FA-9E8CEAEDAB77}.Debug|Any CPU.Build.0 = Debug|Any CPU
		{0C3466EE-E9FA-4ECA-A6FA-9E8CEAEDAB77}.Release|Any CPU.ActiveCfg = Release|Any CPU
		{0C3466EE-E9FA-4ECA-A6FA-9E8CEAEDAB77}.Release|Any CPU.Build.0 = Release|Any CPU
		{4F3FDC3E-7DD2-48B0-AEB4-7301EDC8CD91}.Debug|Any CPU.ActiveCfg = Debug|Any CPU
		{4F3FDC3E-7DD2-48B0-AEB4-7301EDC8CD91}.Debug|Any CPU.Build.0 = Debug|Any CPU
		{4F3FDC3E-7DD2-48B0-AEB4-7301EDC8CD91}.Release|Any CPU.ActiveCfg = Release|Any CPU
		{4F3FDC3E-7DD2-48B0-AEB4-7301EDC8CD91}.Release|Any CPU.Build.0 = Release|Any CPU
		{55E7AF83-DA5C-43A3-9803-5BB878D893A1}.Debug|Any CPU.ActiveCfg = Debug|Any CPU
		{55E7AF83-DA5C-43A3-9803-5BB878D893A1}.Debug|Any CPU.Build.0 = Debug|Any CPU
		{55E7AF83-DA5C-43A3-9803-5BB878D893A1}.Release|Any CPU.ActiveCfg = Release|Any CPU
		{55E7AF83-DA5C-43A3-9803-5BB878D893A1}.Release|Any CPU.Build.0 = Release|Any CPU
		{BBC41C42-FD43-47CA-8C00-F51BE3F043F1}.Debug|Any CPU.ActiveCfg = Debug|Any CPU
		{BBC41C42-FD43-47CA-8C00-F51BE3F043F1}.Debug|Any CPU.Build.0 = Debug|Any CPU
		{BBC41C42-FD43-47CA-8C00-F51BE3F043F1}.Release|Any CPU.ActiveCfg = Release|Any CPU
		{BBC41C42-FD43-47CA-8C00-F51BE3F043F1}.Release|Any CPU.Build.0 = Release|Any CPU
		{BFEB6880-74BB-4BFD-A5C8-CCAC95BFF6A7}.Debug|Any CPU.ActiveCfg = Debug|Any CPU
		{BFEB6880-74BB-4BFD-A5C8-CCAC95BFF6A7}.Debug|Any CPU.Build.0 = Debug|Any CPU
		{BFEB6880-74BB-4BFD-A5C8-CCAC95BFF6A7}.Release|Any CPU.ActiveCfg = Release|Any CPU
		{BFEB6880-74BB-4BFD-A5C8-CCAC95BFF6A7}.Release|Any CPU.Build.0 = Release|Any CPU
		{EDB9F38F-994B-4834-BBA7-419A3A028197}.Debug|Any CPU.ActiveCfg = Debug|Any CPU
		{EDB9F38F-994B-4834-BBA7-419A3A028197}.Debug|Any CPU.Build.0 = Debug|Any CPU
		{EDB9F38F-994B-4834-BBA7-419A3A028197}.Release|Any CPU.ActiveCfg = Release|Any CPU
		{EDB9F38F-994B-4834-BBA7-419A3A028197}.Release|Any CPU.Build.0 = Release|Any CPU
		{DBBDFD94-A7B1-434F-B2F0-BC4474E0E46B}.Debug|Any CPU.ActiveCfg = Debug|Any CPU
		{DBBDFD94-A7B1-434F-B2F0-BC4474E0E46B}.Debug|Any CPU.Build.0 = Debug|Any CPU
		{DBBDFD94-A7B1-434F-B2F0-BC4474E0E46B}.Release|Any CPU.ActiveCfg = Release|Any CPU
		{DBBDFD94-A7B1-434F-B2F0-BC4474E0E46B}.Release|Any CPU.Build.0 = Release|Any CPU
	EndGlobalSection
	GlobalSection(SolutionProperties) = preSolution
		HideSolutionNode = FALSE
	EndGlobalSection
	GlobalSection(ExtensibilityGlobals) = postSolution
		SolutionGuid = {36A24CB9-65D9-433A-98C8-B6BD286F72F8}
	EndGlobalSection
EndGlobal
