
Microsoft Visual Studio Solution File, Format Version 12.00
# Visual Studio Version 17
VisualStudioVersion = 17.0.31903.59
MinimumVisualStudioVersion = 10.0.40219.1
Project("{FAE04EC0-301F-11D3-BF4B-00C04F79EFBC}") = "CS02-1-01", "CS02-1-01\CS02-1-01.csproj", "{E43FB2EC-EC41-4A54-A574-F0BAE10F2BA6}"
EndProject
Project("{FAE04EC0-301F-11D3-BF4B-00C04F79EFBC}") = "CS02-1-02", "CS02-1-02\CS02-1-02.csproj", "{C6764358-422D-4D9B-8342-6F8041747E56}"
EndProject
Project("{FAE04EC0-301F-11D3-BF4B-00C04F79EFBC}") = "CS02-1-20", "CS02-1-20\CS02-1-20.csproj", "{DE782B5B-CDCC-439F-BCFB-16030067898A}"
EndProject
Project("{FAE04EC0-301F-11D3-BF4B-00C04F79EFBC}") = "CS02-1-03", "CS02-1-03\CS02-1-03.csproj", "{87695E68-8B1F-4514-ACFB-BAE3F6384D0C}"
EndProject
Project("{FAE04EC0-301F-11D3-BF4B-00C04F79EFBC}") = "CS02-1-06", "CS02-1-06\CS02-1-06.csproj", "{B8762731-4535-461B-BBB4-0E0BF218518B}"
EndProject
Project("{FAE04EC0-301F-11D3-BF4B-00C04F79EFBC}") = "CS02-1-07", "CS02-1-07\CS02-1-07.csproj", "{0F34CD2A-5A93-42CD-A111-C88BDC465E6A}"
EndProject
Project("{FAE04EC0-301F-11D3-BF4B-00C04F79EFBC}") = "CS02-1-11", "CS02-1-11\CS02-1-11.csproj", "{D12E16BC-A5B6-4774-92A9-0F5E9AA15D71}"
EndProject
Project("{FAE04EC0-301F-11D3-BF4B-00C04F79EFBC}") = "CS02-1-08", "CS02-1-08\CS02-1-08.csproj", "{4D36048E-F8D0-40D0-BB17-3DF720EFA0D1}"
EndProject
Project("{FAE04EC0-301F-11D3-BF4B-00C04F79EFBC}") = "CS02-1-09", "CS02-1-09\CS02-1-09.csproj", "{458C5A45-8A8F-49C1-8B0F-82E1926B12A0}"
EndProject
Project("{FAE04EC0-301F-11D3-BF4B-00C04F79EFBC}") = "CS02-1-12", "CS02-1-12\CS02-1-12.csproj", "{4A841109-ED3B-4490-A6EC-DEA8D727AE11}"
EndProject
Project("{FAE04EC0-301F-11D3-BF4B-00C04F79EFBC}") = "CS02-1-18", "CS02-1-18\CS02-1-18.csproj", "{878D1D3F-2D14-4F34-A1AE-857B21B669B4}"
EndProject
Project("{FAE04EC0-301F-11D3-BF4B-00C04F79EFBC}") = "CS02-2-04", "CS02-2-04\CS02-2-04.csproj", "{5B13C017-5E07-4976-B5E3-6C5290D3E814}"
EndProject
Project("{FAE04EC0-301F-11D3-BF4B-00C04F79EFBC}") = "CS-List-01", "CS-List-01\CS-List-01.csproj", "{3D32452F-1A6B-4FD1-9320-8AAC9239548C}"
EndProject
Project("{FAE04EC0-301F-11D3-BF4B-00C04F79EFBC}") = "CS-List-03", "CS-List-03\CS-List-03.csproj", "{FAEDC809-70C6-48BB-A7D7-23CED473EDFA}"
EndProject
Project("{FAE04EC0-301F-11D3-BF4B-00C04F79EFBC}") = "CS02-2-02", "CS02-2-02\CS02-2-02.csproj", "{9959417B-99EA-4357-AFEA-079608181BB9}"
EndProject
Project("{FAE04EC0-301F-11D3-BF4B-00C04F79EFBC}") = "CS-Hàm-01", "CS-Hàm-01\CS-Hàm-01.csproj", "{574803FC-3B3D-4888-A781-43ED2C4FDC85}"
EndProject
Project("{FAE04EC0-301F-11D3-BF4B-00C04F79EFBC}") = "CS02-3-04", "CS02-3-04\CS02-3-04.csproj", "{49B7128C-B7F5-4792-B250-8C4D4AA74EA3}"
EndProject
Project("{FAE04EC0-301F-11D3-BF4B-00C04F79EFBC}") = "CS02-3-03", "CS02-3-03\CS02-3-03.csproj", "{D4FA4B10-8EC3-4238-8494-3AE324B73F41}"
EndProject
Project("{FAE04EC0-301F-11D3-BF4B-00C04F79EFBC}") = "CS02-3-02", "CS02-3-02\CS02-3-02.csproj", "{968E17AC-56F5-4AF9-83C0-9581A1D9E229}"
EndProject
Project("{FAE04EC0-301F-11D3-BF4B-00C04F79EFBC}") = "CS-Hàm-10", "CS-Hàm-10\CS-Hàm-10.csproj", "{B23A1ADF-6A34-4D3F-A8F0-7D3DF553ACC6}"
EndProject
Project("{FAE04EC0-301F-11D3-BF4B-00C04F79EFBC}") = "CS02-3-01", "CS02-3-01\CS02-3-01.csproj", "{D60095F6-C700-4AD2-9DEA-292DBDA11A1D}"
EndProject
Project("{FAE04EC0-301F-11D3-BF4B-00C04F79EFBC}") = "CS02-3-06", "CS02-3-06\CS02-3-06.csproj", "{3EEB78FD-F6A4-41AD-B27C-FE862C91C0E6}"
EndProject
Project("{FAE04EC0-301F-11D3-BF4B-00C04F79EFBC}") = "CS02-3-07", "CS02-3-07\CS02-3-07.csproj", "{80E1A26C-9CE4-4E12-89AE-1C4E17B54A8E}"
EndProject
Project("{FAE04EC0-301F-11D3-BF4B-00C04F79EFBC}") = "CS02-1-10", "CS02-1-10\CS02-1-10.csproj", "{1AD0C36D-9FBF-4B79-AA97-089D7BB31638}"
EndProject
Project("{FAE04EC0-301F-11D3-BF4B-00C04F79EFBC}") = "CS02-1-13", "CS02-1-13\CS02-1-13.csproj", "{60EF2418-9A55-4301-8318-1520815714DD}"
EndProject
Project("{FAE04EC0-301F-11D3-BF4B-00C04F79EFBC}") = "CS02-1-15", "CS02-1-15\CS02-1-15.csproj", "{8E03D704-009B-4315-BB7F-7042159712EA}"
EndProject
Project("{FAE04EC0-301F-11D3-BF4B-00C04F79EFBC}") = "CS02-1-21", "CS02-1-21\CS02-1-21.csproj", "{AE133666-2546-4B3C-A0CD-EAC404D669B7}"
EndProject
Project("{FAE04EC0-301F-11D3-BF4B-00C04F79EFBC}") = "CS02-1-16", "CS02-1-16\CS02-1-16.csproj", "{8A2265BC-BA9D-41E6-AA1D-69FD4350752E}"
EndProject
Project("{FAE04EC0-301F-11D3-BF4B-00C04F79EFBC}") = "CS-Hàm-04", "CS-Hàm-04\CS-Hàm-04.csproj", "{07DAC7F4-5BFE-4C2E-AE3F-E96DB756C8D6}"
EndProject
Project("{FAE04EC0-301F-11D3-BF4B-00C04F79EFBC}") = "CS02-2-01", "CS02-2-01\CS02-2-01.csproj", "{31464159-2FB9-4470-B381-EC5FC61425F5}"
EndProject
Project("{FAE04EC0-301F-11D3-BF4B-00C04F79EFBC}") = "CS02-3-05", "CS02-3-05\CS02-3-05.csproj", "{43B07F6E-6D16-4A72-9E72-8E347BA2F283}"
EndProject
Project("{FAE04EC0-301F-11D3-BF4B-00C04F79EFBC}") = "CS02-1-19", "CS02-1-19\CS02-1-19.csproj", "{90B81BC3-469A-4B04-B600-7CEA690766E4}"
EndProject
Project("{FAE04EC0-301F-11D3-BF4B-00C04F79EFBC}") = "CS02-2-05", "CS02-2-05\CS02-2-05.csproj", "{0BD2C8FC-C13E-48AC-B05F-C46093AD90BC}"
EndProject
Project("{FAE04EC0-301F-11D3-BF4B-00C04F79EFBC}") = "CS-Hàm-02", "CS-Hàm-02\CS-Hàm-02.csproj", "{619A9895-5FEB-4C67-8E3A-52C955B0F01A}"
EndProject
Project("{FAE04EC0-301F-11D3-BF4B-00C04F79EFBC}") = "CS02-2-03", "CS02-2-03\CS02-2-03.csproj", "{0D161B1C-459B-4CA6-984C-488DAB2C8915}"
EndProject
Project("{FAE04EC0-301F-11D3-BF4B-00C04F79EFBC}") = "CS-List-04", "CS-List-04\CS-List-04.csproj", "{C6D5487F-B2C3-4948-8F40-AD4A8A4D970E}"
EndProject
Project("{FAE04EC0-301F-11D3-BF4B-00C04F79EFBC}") = "CS-Hàm-11", "CS-Hàm-11\CS-Hàm-11.csproj", "{5431625D-35C1-4274-BF3F-51A6CDD40A3B}"
EndProject
Project("{FAE04EC0-301F-11D3-BF4B-00C04F79EFBC}") = "CS02-1-17", "CS02-1-17\CS02-1-17.csproj", "{E50E9A79-993D-4456-9F94-B284B82865A9}"
EndProject
Global
	GlobalSection(SolutionConfigurationPlatforms) = preSolution
		Debug|Any CPU = Debug|Any CPU
		Release|Any CPU = Release|Any CPU
	EndGlobalSection
	GlobalSection(SolutionProperties) = preSolution
		HideSolutionNode = FALSE
	EndGlobalSection
	GlobalSection(ProjectConfigurationPlatforms) = postSolution
		{E43FB2EC-EC41-4A54-A574-F0BAE10F2BA6}.Debug|Any CPU.ActiveCfg = Debug|Any CPU
		{E43FB2EC-EC41-4A54-A574-F0BAE10F2BA6}.Debug|Any CPU.Build.0 = Debug|Any CPU
		{E43FB2EC-EC41-4A54-A574-F0BAE10F2BA6}.Release|Any CPU.ActiveCfg = Release|Any CPU
		{E43FB2EC-EC41-4A54-A574-F0BAE10F2BA6}.Release|Any CPU.Build.0 = Release|Any CPU
		{C6764358-422D-4D9B-8342-6F8041747E56}.Debug|Any CPU.ActiveCfg = Debug|Any CPU
		{C6764358-422D-4D9B-8342-6F8041747E56}.Debug|Any CPU.Build.0 = Debug|Any CPU
		{C6764358-422D-4D9B-8342-6F8041747E56}.Release|Any CPU.ActiveCfg = Release|Any CPU
		{C6764358-422D-4D9B-8342-6F8041747E56}.Release|Any CPU.Build.0 = Release|Any CPU
		{DE782B5B-CDCC-439F-BCFB-16030067898A}.Debug|Any CPU.ActiveCfg = Debug|Any CPU
		{DE782B5B-CDCC-439F-BCFB-16030067898A}.Debug|Any CPU.Build.0 = Debug|Any CPU
		{DE782B5B-CDCC-439F-BCFB-16030067898A}.Release|Any CPU.ActiveCfg = Release|Any CPU
		{DE782B5B-CDCC-439F-BCFB-16030067898A}.Release|Any CPU.Build.0 = Release|Any CPU
		{87695E68-8B1F-4514-ACFB-BAE3F6384D0C}.Debug|Any CPU.ActiveCfg = Debug|Any CPU
		{87695E68-8B1F-4514-ACFB-BAE3F6384D0C}.Debug|Any CPU.Build.0 = Debug|Any CPU
		{87695E68-8B1F-4514-ACFB-BAE3F6384D0C}.Release|Any CPU.ActiveCfg = Release|Any CPU
		{87695E68-8B1F-4514-ACFB-BAE3F6384D0C}.Release|Any CPU.Build.0 = Release|Any CPU
		{B8762731-4535-461B-BBB4-0E0BF218518B}.Debug|Any CPU.ActiveCfg = Debug|Any CPU
		{B8762731-4535-461B-BBB4-0E0BF218518B}.Debug|Any CPU.Build.0 = Debug|Any CPU
		{B8762731-4535-461B-BBB4-0E0BF218518B}.Release|Any CPU.ActiveCfg = Release|Any CPU
		{B8762731-4535-461B-BBB4-0E0BF218518B}.Release|Any CPU.Build.0 = Release|Any CPU
		{0F34CD2A-5A93-42CD-A111-C88BDC465E6A}.Debug|Any CPU.ActiveCfg = Debug|Any CPU
		{0F34CD2A-5A93-42CD-A111-C88BDC465E6A}.Debug|Any CPU.Build.0 = Debug|Any CPU
		{0F34CD2A-5A93-42CD-A111-C88BDC465E6A}.Release|Any CPU.ActiveCfg = Release|Any CPU
		{0F34CD2A-5A93-42CD-A111-C88BDC465E6A}.Release|Any CPU.Build.0 = Release|Any CPU
		{D12E16BC-A5B6-4774-92A9-0F5E9AA15D71}.Debug|Any CPU.ActiveCfg = Debug|Any CPU
		{D12E16BC-A5B6-4774-92A9-0F5E9AA15D71}.Debug|Any CPU.Build.0 = Debug|Any CPU
		{D12E16BC-A5B6-4774-92A9-0F5E9AA15D71}.Release|Any CPU.ActiveCfg = Release|Any CPU
		{D12E16BC-A5B6-4774-92A9-0F5E9AA15D71}.Release|Any CPU.Build.0 = Release|Any CPU
		{4D36048E-F8D0-40D0-BB17-3DF720EFA0D1}.Debug|Any CPU.ActiveCfg = Debug|Any CPU
		{4D36048E-F8D0-40D0-BB17-3DF720EFA0D1}.Debug|Any CPU.Build.0 = Debug|Any CPU
		{4D36048E-F8D0-40D0-BB17-3DF720EFA0D1}.Release|Any CPU.ActiveCfg = Release|Any CPU
		{4D36048E-F8D0-40D0-BB17-3DF720EFA0D1}.Release|Any CPU.Build.0 = Release|Any CPU
		{458C5A45-8A8F-49C1-8B0F-82E1926B12A0}.Debug|Any CPU.ActiveCfg = Debug|Any CPU
		{458C5A45-8A8F-49C1-8B0F-82E1926B12A0}.Debug|Any CPU.Build.0 = Debug|Any CPU
		{458C5A45-8A8F-49C1-8B0F-82E1926B12A0}.Release|Any CPU.ActiveCfg = Release|Any CPU
		{458C5A45-8A8F-49C1-8B0F-82E1926B12A0}.Release|Any CPU.Build.0 = Release|Any CPU
		{4A841109-ED3B-4490-A6EC-DEA8D727AE11}.Debug|Any CPU.ActiveCfg = Debug|Any CPU
		{4A841109-ED3B-4490-A6EC-DEA8D727AE11}.Debug|Any CPU.Build.0 = Debug|Any CPU
		{4A841109-ED3B-4490-A6EC-DEA8D727AE11}.Release|Any CPU.ActiveCfg = Release|Any CPU
		{4A841109-ED3B-4490-A6EC-DEA8D727AE11}.Release|Any CPU.Build.0 = Release|Any CPU
		{878D1D3F-2D14-4F34-A1AE-857B21B669B4}.Debug|Any CPU.ActiveCfg = Debug|Any CPU
		{878D1D3F-2D14-4F34-A1AE-857B21B669B4}.Debug|Any CPU.Build.0 = Debug|Any CPU
		{878D1D3F-2D14-4F34-A1AE-857B21B669B4}.Release|Any CPU.ActiveCfg = Release|Any CPU
		{878D1D3F-2D14-4F34-A1AE-857B21B669B4}.Release|Any CPU.Build.0 = Release|Any CPU
		{5B13C017-5E07-4976-B5E3-6C5290D3E814}.Debug|Any CPU.ActiveCfg = Debug|Any CPU
		{5B13C017-5E07-4976-B5E3-6C5290D3E814}.Debug|Any CPU.Build.0 = Debug|Any CPU
		{5B13C017-5E07-4976-B5E3-6C5290D3E814}.Release|Any CPU.ActiveCfg = Release|Any CPU
		{5B13C017-5E07-4976-B5E3-6C5290D3E814}.Release|Any CPU.Build.0 = Release|Any CPU
		{3D32452F-1A6B-4FD1-9320-8AAC9239548C}.Debug|Any CPU.ActiveCfg = Debug|Any CPU
		{3D32452F-1A6B-4FD1-9320-8AAC9239548C}.Debug|Any CPU.Build.0 = Debug|Any CPU
		{3D32452F-1A6B-4FD1-9320-8AAC9239548C}.Release|Any CPU.ActiveCfg = Release|Any CPU
		{3D32452F-1A6B-4FD1-9320-8AAC9239548C}.Release|Any CPU.Build.0 = Release|Any CPU
		{FAEDC809-70C6-48BB-A7D7-23CED473EDFA}.Debug|Any CPU.ActiveCfg = Debug|Any CPU
		{FAEDC809-70C6-48BB-A7D7-23CED473EDFA}.Debug|Any CPU.Build.0 = Debug|Any CPU
		{FAEDC809-70C6-48BB-A7D7-23CED473EDFA}.Release|Any CPU.ActiveCfg = Release|Any CPU
		{FAEDC809-70C6-48BB-A7D7-23CED473EDFA}.Release|Any CPU.Build.0 = Release|Any CPU
		{9959417B-99EA-4357-AFEA-079608181BB9}.Debug|Any CPU.ActiveCfg = Debug|Any CPU
		{9959417B-99EA-4357-AFEA-079608181BB9}.Debug|Any CPU.Build.0 = Debug|Any CPU
		{9959417B-99EA-4357-AFEA-079608181BB9}.Release|Any CPU.ActiveCfg = Release|Any CPU
		{9959417B-99EA-4357-AFEA-079608181BB9}.Release|Any CPU.Build.0 = Release|Any CPU
		{574803FC-3B3D-4888-A781-43ED2C4FDC85}.Debug|Any CPU.ActiveCfg = Debug|Any CPU
		{574803FC-3B3D-4888-A781-43ED2C4FDC85}.Debug|Any CPU.Build.0 = Debug|Any CPU
		{574803FC-3B3D-4888-A781-43ED2C4FDC85}.Release|Any CPU.ActiveCfg = Release|Any CPU
		{574803FC-3B3D-4888-A781-43ED2C4FDC85}.Release|Any CPU.Build.0 = Release|Any CPU
		{49B7128C-B7F5-4792-B250-8C4D4AA74EA3}.Debug|Any CPU.ActiveCfg = Debug|Any CPU
		{49B7128C-B7F5-4792-B250-8C4D4AA74EA3}.Debug|Any CPU.Build.0 = Debug|Any CPU
		{49B7128C-B7F5-4792-B250-8C4D4AA74EA3}.Release|Any CPU.ActiveCfg = Release|Any CPU
		{49B7128C-B7F5-4792-B250-8C4D4AA74EA3}.Release|Any CPU.Build.0 = Release|Any CPU
		{D4FA4B10-8EC3-4238-8494-3AE324B73F41}.Debug|Any CPU.ActiveCfg = Debug|Any CPU
		{D4FA4B10-8EC3-4238-8494-3AE324B73F41}.Debug|Any CPU.Build.0 = Debug|Any CPU
		{D4FA4B10-8EC3-4238-8494-3AE324B73F41}.Release|Any CPU.ActiveCfg = Release|Any CPU
		{D4FA4B10-8EC3-4238-8494-3AE324B73F41}.Release|Any CPU.Build.0 = Release|Any CPU
		{968E17AC-56F5-4AF9-83C0-9581A1D9E229}.Debug|Any CPU.ActiveCfg = Debug|Any CPU
		{968E17AC-56F5-4AF9-83C0-9581A1D9E229}.Debug|Any CPU.Build.0 = Debug|Any CPU
		{968E17AC-56F5-4AF9-83C0-9581A1D9E229}.Release|Any CPU.ActiveCfg = Release|Any CPU
		{968E17AC-56F5-4AF9-83C0-9581A1D9E229}.Release|Any CPU.Build.0 = Release|Any CPU
		{B23A1ADF-6A34-4D3F-A8F0-7D3DF553ACC6}.Debug|Any CPU.ActiveCfg = Debug|Any CPU
		{B23A1ADF-6A34-4D3F-A8F0-7D3DF553ACC6}.Debug|Any CPU.Build.0 = Debug|Any CPU
		{B23A1ADF-6A34-4D3F-A8F0-7D3DF553ACC6}.Release|Any CPU.ActiveCfg = Release|Any CPU
		{B23A1ADF-6A34-4D3F-A8F0-7D3DF553ACC6}.Release|Any CPU.Build.0 = Release|Any CPU
		{D60095F6-C700-4AD2-9DEA-292DBDA11A1D}.Debug|Any CPU.ActiveCfg = Debug|Any CPU
		{D60095F6-C700-4AD2-9DEA-292DBDA11A1D}.Debug|Any CPU.Build.0 = Debug|Any CPU
		{D60095F6-C700-4AD2-9DEA-292DBDA11A1D}.Release|Any CPU.ActiveCfg = Release|Any CPU
		{D60095F6-C700-4AD2-9DEA-292DBDA11A1D}.Release|Any CPU.Build.0 = Release|Any CPU
		{3EEB78FD-F6A4-41AD-B27C-FE862C91C0E6}.Debug|Any CPU.ActiveCfg = Debug|Any CPU
		{3EEB78FD-F6A4-41AD-B27C-FE862C91C0E6}.Debug|Any CPU.Build.0 = Debug|Any CPU
		{3EEB78FD-F6A4-41AD-B27C-FE862C91C0E6}.Release|Any CPU.ActiveCfg = Release|Any CPU
		{3EEB78FD-F6A4-41AD-B27C-FE862C91C0E6}.Release|Any CPU.Build.0 = Release|Any CPU
		{80E1A26C-9CE4-4E12-89AE-1C4E17B54A8E}.Debug|Any CPU.ActiveCfg = Debug|Any CPU
		{80E1A26C-9CE4-4E12-89AE-1C4E17B54A8E}.Debug|Any CPU.Build.0 = Debug|Any CPU
		{80E1A26C-9CE4-4E12-89AE-1C4E17B54A8E}.Release|Any CPU.ActiveCfg = Release|Any CPU
		{80E1A26C-9CE4-4E12-89AE-1C4E17B54A8E}.Release|Any CPU.Build.0 = Release|Any CPU
		{1AD0C36D-9FBF-4B79-AA97-089D7BB31638}.Debug|Any CPU.ActiveCfg = Debug|Any CPU
		{1AD0C36D-9FBF-4B79-AA97-089D7BB31638}.Debug|Any CPU.Build.0 = Debug|Any CPU
		{1AD0C36D-9FBF-4B79-AA97-089D7BB31638}.Release|Any CPU.ActiveCfg = Release|Any CPU
		{1AD0C36D-9FBF-4B79-AA97-089D7BB31638}.Release|Any CPU.Build.0 = Release|Any CPU
		{60EF2418-9A55-4301-8318-1520815714DD}.Debug|Any CPU.ActiveCfg = Debug|Any CPU
		{60EF2418-9A55-4301-8318-1520815714DD}.Debug|Any CPU.Build.0 = Debug|Any CPU
		{60EF2418-9A55-4301-8318-1520815714DD}.Release|Any CPU.ActiveCfg = Release|Any CPU
		{60EF2418-9A55-4301-8318-1520815714DD}.Release|Any CPU.Build.0 = Release|Any CPU
		{8E03D704-009B-4315-BB7F-7042159712EA}.Debug|Any CPU.ActiveCfg = Debug|Any CPU
		{8E03D704-009B-4315-BB7F-7042159712EA}.Debug|Any CPU.Build.0 = Debug|Any CPU
		{8E03D704-009B-4315-BB7F-7042159712EA}.Release|Any CPU.ActiveCfg = Release|Any CPU
		{8E03D704-009B-4315-BB7F-7042159712EA}.Release|Any CPU.Build.0 = Release|Any CPU
		{AE133666-2546-4B3C-A0CD-EAC404D669B7}.Debug|Any CPU.ActiveCfg = Debug|Any CPU
		{AE133666-2546-4B3C-A0CD-EAC404D669B7}.Debug|Any CPU.Build.0 = Debug|Any CPU
		{AE133666-2546-4B3C-A0CD-EAC404D669B7}.Release|Any CPU.ActiveCfg = Release|Any CPU
		{AE133666-2546-4B3C-A0CD-EAC404D669B7}.Release|Any CPU.Build.0 = Release|Any CPU
		{8A2265BC-BA9D-41E6-AA1D-69FD4350752E}.Debug|Any CPU.ActiveCfg = Debug|Any CPU
		{8A2265BC-BA9D-41E6-AA1D-69FD4350752E}.Debug|Any CPU.Build.0 = Debug|Any CPU
		{8A2265BC-BA9D-41E6-AA1D-69FD4350752E}.Release|Any CPU.ActiveCfg = Release|Any CPU
		{8A2265BC-BA9D-41E6-AA1D-69FD4350752E}.Release|Any CPU.Build.0 = Release|Any CPU
		{07DAC7F4-5BFE-4C2E-AE3F-E96DB756C8D6}.Debug|Any CPU.ActiveCfg = Debug|Any CPU
		{07DAC7F4-5BFE-4C2E-AE3F-E96DB756C8D6}.Debug|Any CPU.Build.0 = Debug|Any CPU
		{07DAC7F4-5BFE-4C2E-AE3F-E96DB756C8D6}.Release|Any CPU.ActiveCfg = Release|Any CPU
		{07DAC7F4-5BFE-4C2E-AE3F-E96DB756C8D6}.Release|Any CPU.Build.0 = Release|Any CPU
		{31464159-2FB9-4470-B381-EC5FC61425F5}.Debug|Any CPU.ActiveCfg = Debug|Any CPU
		{31464159-2FB9-4470-B381-EC5FC61425F5}.Debug|Any CPU.Build.0 = Debug|Any CPU
		{31464159-2FB9-4470-B381-EC5FC61425F5}.Release|Any CPU.ActiveCfg = Release|Any CPU
		{31464159-2FB9-4470-B381-EC5FC61425F5}.Release|Any CPU.Build.0 = Release|Any CPU
		{43B07F6E-6D16-4A72-9E72-8E347BA2F283}.Debug|Any CPU.ActiveCfg = Debug|Any CPU
		{43B07F6E-6D16-4A72-9E72-8E347BA2F283}.Debug|Any CPU.Build.0 = Debug|Any CPU
		{43B07F6E-6D16-4A72-9E72-8E347BA2F283}.Release|Any CPU.ActiveCfg = Release|Any CPU
		{43B07F6E-6D16-4A72-9E72-8E347BA2F283}.Release|Any CPU.Build.0 = Release|Any CPU
		{90B81BC3-469A-4B04-B600-7CEA690766E4}.Debug|Any CPU.ActiveCfg = Debug|Any CPU
		{90B81BC3-469A-4B04-B600-7CEA690766E4}.Debug|Any CPU.Build.0 = Debug|Any CPU
		{90B81BC3-469A-4B04-B600-7CEA690766E4}.Release|Any CPU.ActiveCfg = Release|Any CPU
		{90B81BC3-469A-4B04-B600-7CEA690766E4}.Release|Any CPU.Build.0 = Release|Any CPU
		{0BD2C8FC-C13E-48AC-B05F-C46093AD90BC}.Debug|Any CPU.ActiveCfg = Debug|Any CPU
		{0BD2C8FC-C13E-48AC-B05F-C46093AD90BC}.Debug|Any CPU.Build.0 = Debug|Any CPU
		{0BD2C8FC-C13E-48AC-B05F-C46093AD90BC}.Release|Any CPU.ActiveCfg = Release|Any CPU
		{0BD2C8FC-C13E-48AC-B05F-C46093AD90BC}.Release|Any CPU.Build.0 = Release|Any CPU
		{619A9895-5FEB-4C67-8E3A-52C955B0F01A}.Debug|Any CPU.ActiveCfg = Debug|Any CPU
		{619A9895-5FEB-4C67-8E3A-52C955B0F01A}.Debug|Any CPU.Build.0 = Debug|Any CPU
		{619A9895-5FEB-4C67-8E3A-52C955B0F01A}.Release|Any CPU.ActiveCfg = Release|Any CPU
		{619A9895-5FEB-4C67-8E3A-52C955B0F01A}.Release|Any CPU.Build.0 = Release|Any CPU
		{0D161B1C-459B-4CA6-984C-488DAB2C8915}.Debug|Any CPU.ActiveCfg = Debug|Any CPU
		{0D161B1C-459B-4CA6-984C-488DAB2C8915}.Debug|Any CPU.Build.0 = Debug|Any CPU
		{0D161B1C-459B-4CA6-984C-488DAB2C8915}.Release|Any CPU.ActiveCfg = Release|Any CPU
		{0D161B1C-459B-4CA6-984C-488DAB2C8915}.Release|Any CPU.Build.0 = Release|Any CPU
		{C6D5487F-B2C3-4948-8F40-AD4A8A4D970E}.Debug|Any CPU.ActiveCfg = Debug|Any CPU
		{C6D5487F-B2C3-4948-8F40-AD4A8A4D970E}.Debug|Any CPU.Build.0 = Debug|Any CPU
		{C6D5487F-B2C3-4948-8F40-AD4A8A4D970E}.Release|Any CPU.ActiveCfg = Release|Any CPU
		{C6D5487F-B2C3-4948-8F40-AD4A8A4D970E}.Release|Any CPU.Build.0 = Release|Any CPU
		{5431625D-35C1-4274-BF3F-51A6CDD40A3B}.Debug|Any CPU.ActiveCfg = Debug|Any CPU
		{5431625D-35C1-4274-BF3F-51A6CDD40A3B}.Debug|Any CPU.Build.0 = Debug|Any CPU
		{5431625D-35C1-4274-BF3F-51A6CDD40A3B}.Release|Any CPU.ActiveCfg = Release|Any CPU
		{5431625D-35C1-4274-BF3F-51A6CDD40A3B}.Release|Any CPU.Build.0 = Release|Any CPU
		{E50E9A79-993D-4456-9F94-B284B82865A9}.Debug|Any CPU.ActiveCfg = Debug|Any CPU
		{E50E9A79-993D-4456-9F94-B284B82865A9}.Debug|Any CPU.Build.0 = Debug|Any CPU
		{E50E9A79-993D-4456-9F94-B284B82865A9}.Release|Any CPU.ActiveCfg = Release|Any CPU
		{E50E9A79-993D-4456-9F94-B284B82865A9}.Release|Any CPU.Build.0 = Release|Any CPU
	EndGlobalSection
EndGlobal
