
Microsoft Visual Studio Solution File, Format Version 12.00
# Visual Studio Version 17
VisualStudioVersion = 17.0.31903.59
MinimumVisualStudioVersion = 10.0.40219.1
Project("{FAE04EC0-301F-11D3-BF4B-00C04F79EFBC}") = "MVC-01", "MVC-01\MVC-01.csproj", "{F20FF68D-F951-4DAF-9134-48215A33DA51}"
EndProject
Project("{FAE04EC0-301F-11D3-BF4B-00C04F79EFBC}") = "MVC-02", "MVC-02\MVC-02.csproj", "{7A8F577B-D520-424B-8341-42220DA02E36}"
EndProject
Global
	GlobalSection(SolutionConfigurationPlatforms) = preSolution
		Debug|Any CPU = Debug|Any CPU
		Release|Any CPU = Release|Any CPU
	EndGlobalSection
	GlobalSection(SolutionProperties) = preSolution
		HideSolutionNode = FALSE
	EndGlobalSection
	GlobalSection(ProjectConfigurationPlatforms) = postSolution
		{F20FF68D-F951-4DAF-9134-48215A33DA51}.Debug|Any CPU.ActiveCfg = Debug|Any CPU
		{F20FF68D-F951-4DAF-9134-48215A33DA51}.Debug|Any CPU.Build.0 = Debug|Any CPU
		{F20FF68D-F951-4DAF-9134-48215A33DA51}.Release|Any CPU.ActiveCfg = Release|Any CPU
		{F20FF68D-F951-4DAF-9134-48215A33DA51}.Release|Any CPU.Build.0 = Release|Any CPU
		{7A8F577B-D520-424B-8341-42220DA02E36}.Debug|Any CPU.ActiveCfg = Debug|Any CPU
		{7A8F577B-D520-424B-8341-42220DA02E36}.Debug|Any CPU.Build.0 = Debug|Any CPU
		{7A8F577B-D520-424B-8341-42220DA02E36}.Release|Any CPU.ActiveCfg = Release|Any CPU
		{7A8F577B-D520-424B-8341-42220DA02E36}.Release|Any CPU.Build.0 = Release|Any CPU
	EndGlobalSection
EndGlobal
