
Microsoft Visual Studio Solution File, Format Version 12.00
# Visual Studio Version 17
VisualStudioVersion = 17.0.31903.59
MinimumVisualStudioVersion = 10.0.40219.1
Project("{9A19103F-16F7-4668-BE54-9A1E7A4F7556}") = "CS1_2_02", "CS1_2_02\CS1_2_02.csproj", "{5A47D25D-6AB6-4EBC-87E7-1A24615EC76D}"
EndProject
Project("{9A19103F-16F7-4668-BE54-9A1E7A4F7556}") = "CS1_2_03", "CS1_2_03\CS1_2_03.csproj", "{CF3BD976-47B0-44D1-AAB0-F287579FE064}"
EndProject
Project("{9A19103F-16F7-4668-BE54-9A1E7A4F7556}") = "CS1_2_04", "CS1_2_04\CS1_2_04.csproj", "{CE989899-9C67-4C3A-B055-402513553EFE}"
EndProject
Project("{9A19103F-16F7-4668-BE54-9A1E7A4F7556}") = "CS1_2_05", "CS1_2_05\CS1_2_05.csproj", "{B0DDDC99-55A1-4D58-AE75-5E9411AC4A05}"
EndProject
Project("{9A19103F-16F7-4668-BE54-9A1E7A4F7556}") = "CS1_2_06", "CS1_2_06\CS1_2_06.csproj", "{CA5AE069-6DD2-4806-BDFC-A2EE948BEDBE}"
EndProject
Project("{9A19103F-16F7-4668-BE54-9A1E7A4F7556}") = "CS1_2_07", "CS1_2_07\CS1_2_07.csproj", "{C308B810-0C2D-4461-A2C2-50FC1EC0B286}"
EndProject
Project("{9A19103F-16F7-4668-BE54-9A1E7A4F7556}") = "CS1_2_08", "CS1_2_08\CS1_2_08.csproj", "{BA1912DC-D12F-408D-BF87-007DFAC4731C}"
EndProject
Project("{9A19103F-16F7-4668-BE54-9A1E7A4F7556}") = "CS1_2_09", "CS1_2_09\CS1_2_09.csproj", "{33C4C4B6-99B8-4920-8CA9-0B389DDDF104}"
EndProject
Project("{9A19103F-16F7-4668-BE54-9A1E7A4F7556}") = "CS1_2_10", "CS1_2_10\CS1_2_10.csproj", "{0A1D0E68-8459-4660-9009-A6A1FFE71DDF}"
EndProject
Project("{9A19103F-16F7-4668-BE54-9A1E7A4F7556}") = "CS1_2_11", "CS1_2_11\CS1_2_11.csproj", "{E30FAE6C-DEE0-4837-972F-7B47A8AF5E80}"
EndProject
Project("{9A19103F-16F7-4668-BE54-9A1E7A4F7556}") = "CS1_2_12", "CS1_2_12\CS1_2_12.csproj", "{E8DAB1A4-3F39-490C-A8CD-F03015C3B8A5}"
EndProject
Project("{9A19103F-16F7-4668-BE54-9A1E7A4F7556}") = "CS1_2_13", "CS1_2_13\CS1_2_13.csproj", "{62155C42-AC41-44CE-8500-EBE97F5C666B}"
EndProject
Project("{9A19103F-16F7-4668-BE54-9A1E7A4F7556}") = "CS1_2_14", "CS1_2_14\CS1_2_14.csproj", "{29D9B52E-FFA5-443C-BC99-AFD3ABD8D3E7}"
EndProject
Project("{9A19103F-16F7-4668-BE54-9A1E7A4F7556}") = "CS1_5_11", "CS1_5_11\CS1_5_11.csproj", "{46D91DD9-B67F-429C-A71C-C8FF938E7B1F}"
EndProject
Project("{9A19103F-16F7-4668-BE54-9A1E7A4F7556}") = "CS1_5_12", "CS1_5_12\CS1_5_12.csproj", "{C7F3A015-CABD-4746-A17E-5FC92D49B975}"
EndProject
Project("{9A19103F-16F7-4668-BE54-9A1E7A4F7556}") = "CS01-5-01", "CS01-5-01\CS01-5-01.csproj", "{A7CA9144-B049-48C1-B936-797FB51AD273}"
EndProject
Project("{9A19103F-16F7-4668-BE54-9A1E7A4F7556}") = "CS01-5-02", "CS01-5-02\CS01-5-02.csproj", "{93A91DC5-CF00-49BC-B414-07A5A7570D5F}"
EndProject
Project("{9A19103F-16F7-4668-BE54-9A1E7A4F7556}") = "CS1_5_15", "CS1_5_15\CS1_5_15.csproj", "{BA0DF697-567B-452B-B408-F5B27CFF14B4}"
EndProject
Project("{9A19103F-16F7-4668-BE54-9A1E7A4F7556}") = "CS1_5_13", "CS1_5_13\CS1_5_13.csproj", "{C1200F90-12BE-4118-A81A-56DA45150404}"
EndProject
Project("{9A19103F-16F7-4668-BE54-9A1E7A4F7556}") = "CS01-5-03", "CS01-5-03\CS01-5-03.csproj", "{FE41B6F2-8AF9-4275-B9E6-88F5D8A7E84E}"
EndProject
Project("{9A19103F-16F7-4668-BE54-9A1E7A4F7556}") = "CS01-5-04", "CS01-5-04\CS01-5-04.csproj", "{2EFBEBA9-5763-4F4B-962A-EA9E382FD2F1}"
EndProject
Project("{9A19103F-16F7-4668-BE54-9A1E7A4F7556}") = "CS01-5-05", "CS01-5-05\CS01-5-05.csproj", "{9D2ABD8D-3A75-464A-97D7-96DDBADD77CA}"
EndProject
Project("{9A19103F-16F7-4668-BE54-9A1E7A4F7556}") = "CS01-5-06", "CS01-5-06\CS01-5-06.csproj", "{EE32BF22-F780-4FCA-9737-8153EA2861FE}"
EndProject
Project("{9A19103F-16F7-4668-BE54-9A1E7A4F7556}") = "CS01-5-07", "CS01-5-07\CS01-5-07.csproj", "{E8AD5682-374B-49CB-899F-3C3CC4C9197F}"
EndProject
Project("{9A19103F-16F7-4668-BE54-9A1E7A4F7556}") = "CS01-5-08", "CS01-5-08\CS01-5-08.csproj", "{1B77AC03-963A-4C1E-8737-AB6B4B3DC76C}"
EndProject
Project("{9A19103F-16F7-4668-BE54-9A1E7A4F7556}") = "CS01-5-10", "CS01-5-10\CS01-5-10.csproj", "{D26A91F7-075C-44A8-AB3F-43F4908A8C31}"
EndProject
Project("{9A19103F-16F7-4668-BE54-9A1E7A4F7556}") = "CS1_5_14", "CS1_5_14\CS1_5_14.csproj", "{367ACA6E-EE3F-40DF-A3F8-EC4E324F725C}"
EndProject
Project("{9A19103F-16F7-4668-BE54-9A1E7A4F7556}") = "CS01-6-01", "CS01-6-01\CS01-6-01.csproj", "{CB8F374D-2527-4392-B0CA-FE8051F6379D}"
EndProject
Project("{9A19103F-16F7-4668-BE54-9A1E7A4F7556}") = "CS01-6-02", "CS01-6-02\CS01-6-02.csproj", "{943DBEF0-AD8E-468D-92E5-482E7A5DD475}"
EndProject
Project("{9A19103F-16F7-4668-BE54-9A1E7A4F7556}") = "CS01-6-03", "CS01-6-03\CS01-6-03.csproj", "{FEE8A0A6-BDE6-4057-AD78-2B01F11422A9}"
EndProject
Project("{9A19103F-16F7-4668-BE54-9A1E7A4F7556}") = "CS01-6-05", "CS01-6-05\CS01-6-05.csproj", "{A6A80795-4E2D-4C28-9EDA-C4008DD9FF64}"
EndProject
Project("{9A19103F-16F7-4668-BE54-9A1E7A4F7556}") = "CS01-6-09", "CS01-6-09\CS01-6-09.csproj", "{9B3CDC8C-F3B4-4F3C-A9D2-26D355655EB8}"
EndProject
Project("{FAE04EC0-301F-11D3-BF4B-00C04F79EFBC}") = "CS01-6-04", "CS01-6-04\CS01-6-04.csproj", "{BA63A8F8-F4EE-4AE9-BB62-F410324E931D}"
EndProject
Project("{FAE04EC0-301F-11D3-BF4B-00C04F79EFBC}") = "CS01-6-11", "CS01-6-11\CS01-6-11.csproj", "{30D7A310-AB4C-4B8D-B87D-BF8DEE66DD43}"
EndProject
Project("{FAE04EC0-301F-11D3-BF4B-00C04F79EFBC}") = "CS01-7-14", "CS01-7-14\CS01-7-14.csproj", "{B9931F93-B23D-4A1E-B75F-BC11C99A91D7}"
EndProject
Project("{FAE04EC0-301F-11D3-BF4B-00C04F79EFBC}") = "CS1_7_03", "CS1_7_03\CS1_7_03.csproj", "{56355B08-FB39-40BE-AB40-8EA9DEF2026C}"
EndProject
Project("{FAE04EC0-301F-11D3-BF4B-00C04F79EFBC}") = "CS1_7_04", "CS1_7_04\CS1_7_04.csproj", "{829B0D94-F219-4DD1-A6A4-94DE963F8E81}"
EndProject
Project("{FAE04EC0-301F-11D3-BF4B-00C04F79EFBC}") = "CS1_7_10", "CS1_7_10\CS1_7_10.csproj", "{5E9E19A7-57CC-45FA-B847-390267742607}"
EndProject
Project("{FAE04EC0-301F-11D3-BF4B-00C04F79EFBC}") = "CS1_7_01", "CS1_7_01\CS1_7_01.csproj", "{2C0D34C2-C194-4BE4-9F36-649AE4A48753}"
EndProject
Project("{FAE04EC0-301F-11D3-BF4B-00C04F79EFBC}") = "CS1_7_07", "CS1_7_07\CS1_7_07.csproj", "{77B98A55-C1B8-49B0-B50D-857025F528B2}"
EndProject
Project("{FAE04EC0-301F-11D3-BF4B-00C04F79EFBC}") = "CS1_7_05", "CS1_7_05\CS1_7_05.csproj", "{A4696187-1946-406E-876B-375D794AEEB1}"
EndProject
Project("{FAE04EC0-301F-11D3-BF4B-00C04F79EFBC}") = "CS1_7_13", "CS1_7_13\CS1_7_13.csproj", "{3A752F2C-DA83-458A-A6CA-46C4835362A7}"
EndProject
Project("{FAE04EC0-301F-11D3-BF4B-00C04F79EFBC}") = "CS1_7_12", "CS1_7_12\CS1_7_12.csproj", "{BDBA7B9D-C614-48FF-A2A7-ACE7B41BE14F}"
EndProject
Project("{FAE04EC0-301F-11D3-BF4B-00C04F79EFBC}") = "CS1_7_08", "CS1_7_08\CS1_7_08.csproj", "{32F919B2-5800-48ED-8E5D-0D46738AA5DF}"
EndProject
Project("{FAE04EC0-301F-11D3-BF4B-00C04F79EFBC}") = "CS1_7_06", "CS1_7_06\CS1_7_06.csproj", "{2CD692C5-57CD-4529-889B-9982A491B534}"
EndProject
Project("{FAE04EC0-301F-11D3-BF4B-00C04F79EFBC}") = "CS1_7_11", "CS1_7_11\CS1_7_11.csproj", "{C5519B98-1C76-4D0D-BB0C-28024456D4F2}"
EndProject
Global
	GlobalSection(SolutionConfigurationPlatforms) = preSolution
		Debug|Any CPU = Debug|Any CPU
		Release|Any CPU = Release|Any CPU
	EndGlobalSection
	GlobalSection(ProjectConfigurationPlatforms) = postSolution
		{5A47D25D-6AB6-4EBC-87E7-1A24615EC76D}.Debug|Any CPU.ActiveCfg = Debug|Any CPU
		{5A47D25D-6AB6-4EBC-87E7-1A24615EC76D}.Debug|Any CPU.Build.0 = Debug|Any CPU
		{5A47D25D-6AB6-4EBC-87E7-1A24615EC76D}.Release|Any CPU.ActiveCfg = Release|Any CPU
		{5A47D25D-6AB6-4EBC-87E7-1A24615EC76D}.Release|Any CPU.Build.0 = Release|Any CPU
		{CF3BD976-47B0-44D1-AAB0-F287579FE064}.Debug|Any CPU.ActiveCfg = Debug|Any CPU
		{CF3BD976-47B0-44D1-AAB0-F287579FE064}.Debug|Any CPU.Build.0 = Debug|Any CPU
		{CF3BD976-47B0-44D1-AAB0-F287579FE064}.Release|Any CPU.ActiveCfg = Release|Any CPU
		{CF3BD976-47B0-44D1-AAB0-F287579FE064}.Release|Any CPU.Build.0 = Release|Any CPU
		{CE989899-9C67-4C3A-B055-402513553EFE}.Debug|Any CPU.ActiveCfg = Debug|Any CPU
		{CE989899-9C67-4C3A-B055-402513553EFE}.Debug|Any CPU.Build.0 = Debug|Any CPU
		{CE989899-9C67-4C3A-B055-402513553EFE}.Release|Any CPU.ActiveCfg = Release|Any CPU
		{CE989899-9C67-4C3A-B055-402513553EFE}.Release|Any CPU.Build.0 = Release|Any CPU
		{B0DDDC99-55A1-4D58-AE75-5E9411AC4A05}.Debug|Any CPU.ActiveCfg = Debug|Any CPU
		{B0DDDC99-55A1-4D58-AE75-5E9411AC4A05}.Debug|Any CPU.Build.0 = Debug|Any CPU
		{B0DDDC99-55A1-4D58-AE75-5E9411AC4A05}.Release|Any CPU.ActiveCfg = Release|Any CPU
		{B0DDDC99-55A1-4D58-AE75-5E9411AC4A05}.Release|Any CPU.Build.0 = Release|Any CPU
		{CA5AE069-6DD2-4806-BDFC-A2EE948BEDBE}.Debug|Any CPU.ActiveCfg = Debug|Any CPU
		{CA5AE069-6DD2-4806-BDFC-A2EE948BEDBE}.Debug|Any CPU.Build.0 = Debug|Any CPU
		{CA5AE069-6DD2-4806-BDFC-A2EE948BEDBE}.Release|Any CPU.ActiveCfg = Release|Any CPU
		{CA5AE069-6DD2-4806-BDFC-A2EE948BEDBE}.Release|Any CPU.Build.0 = Release|Any CPU
		{C308B810-0C2D-4461-A2C2-50FC1EC0B286}.Debug|Any CPU.ActiveCfg = Debug|Any CPU
		{C308B810-0C2D-4461-A2C2-50FC1EC0B286}.Debug|Any CPU.Build.0 = Debug|Any CPU
		{C308B810-0C2D-4461-A2C2-50FC1EC0B286}.Release|Any CPU.ActiveCfg = Release|Any CPU
		{C308B810-0C2D-4461-A2C2-50FC1EC0B286}.Release|Any CPU.Build.0 = Release|Any CPU
		{BA1912DC-D12F-408D-BF87-007DFAC4731C}.Debug|Any CPU.ActiveCfg = Debug|Any CPU
		{BA1912DC-D12F-408D-BF87-007DFAC4731C}.Debug|Any CPU.Build.0 = Debug|Any CPU
		{BA1912DC-D12F-408D-BF87-007DFAC4731C}.Release|Any CPU.ActiveCfg = Release|Any CPU
		{BA1912DC-D12F-408D-BF87-007DFAC4731C}.Release|Any CPU.Build.0 = Release|Any CPU
		{33C4C4B6-99B8-4920-8CA9-0B389DDDF104}.Debug|Any CPU.ActiveCfg = Debug|Any CPU
		{33C4C4B6-99B8-4920-8CA9-0B389DDDF104}.Debug|Any CPU.Build.0 = Debug|Any CPU
		{33C4C4B6-99B8-4920-8CA9-0B389DDDF104}.Release|Any CPU.ActiveCfg = Release|Any CPU
		{33C4C4B6-99B8-4920-8CA9-0B389DDDF104}.Release|Any CPU.Build.0 = Release|Any CPU
		{0A1D0E68-8459-4660-9009-A6A1FFE71DDF}.Debug|Any CPU.ActiveCfg = Debug|Any CPU
		{0A1D0E68-8459-4660-9009-A6A1FFE71DDF}.Debug|Any CPU.Build.0 = Debug|Any CPU
		{0A1D0E68-8459-4660-9009-A6A1FFE71DDF}.Release|Any CPU.ActiveCfg = Release|Any CPU
		{0A1D0E68-8459-4660-9009-A6A1FFE71DDF}.Release|Any CPU.Build.0 = Release|Any CPU
		{E30FAE6C-DEE0-4837-972F-7B47A8AF5E80}.Debug|Any CPU.ActiveCfg = Debug|Any CPU
		{E30FAE6C-DEE0-4837-972F-7B47A8AF5E80}.Debug|Any CPU.Build.0 = Debug|Any CPU
		{E30FAE6C-DEE0-4837-972F-7B47A8AF5E80}.Release|Any CPU.ActiveCfg = Release|Any CPU
		{E30FAE6C-DEE0-4837-972F-7B47A8AF5E80}.Release|Any CPU.Build.0 = Release|Any CPU
		{E8DAB1A4-3F39-490C-A8CD-F03015C3B8A5}.Debug|Any CPU.ActiveCfg = Debug|Any CPU
		{E8DAB1A4-3F39-490C-A8CD-F03015C3B8A5}.Debug|Any CPU.Build.0 = Debug|Any CPU
		{E8DAB1A4-3F39-490C-A8CD-F03015C3B8A5}.Release|Any CPU.ActiveCfg = Release|Any CPU
		{E8DAB1A4-3F39-490C-A8CD-F03015C3B8A5}.Release|Any CPU.Build.0 = Release|Any CPU
		{62155C42-AC41-44CE-8500-EBE97F5C666B}.Debug|Any CPU.ActiveCfg = Debug|Any CPU
		{62155C42-AC41-44CE-8500-EBE97F5C666B}.Debug|Any CPU.Build.0 = Debug|Any CPU
		{62155C42-AC41-44CE-8500-EBE97F5C666B}.Release|Any CPU.ActiveCfg = Release|Any CPU
		{62155C42-AC41-44CE-8500-EBE97F5C666B}.Release|Any CPU.Build.0 = Release|Any CPU
		{29D9B52E-FFA5-443C-BC99-AFD3ABD8D3E7}.Debug|Any CPU.ActiveCfg = Debug|Any CPU
		{29D9B52E-FFA5-443C-BC99-AFD3ABD8D3E7}.Debug|Any CPU.Build.0 = Debug|Any CPU
		{29D9B52E-FFA5-443C-BC99-AFD3ABD8D3E7}.Release|Any CPU.ActiveCfg = Release|Any CPU
		{29D9B52E-FFA5-443C-BC99-AFD3ABD8D3E7}.Release|Any CPU.Build.0 = Release|Any CPU
		{46D91DD9-B67F-429C-A71C-C8FF938E7B1F}.Debug|Any CPU.ActiveCfg = Debug|Any CPU
		{46D91DD9-B67F-429C-A71C-C8FF938E7B1F}.Debug|Any CPU.Build.0 = Debug|Any CPU
		{46D91DD9-B67F-429C-A71C-C8FF938E7B1F}.Release|Any CPU.ActiveCfg = Release|Any CPU
		{46D91DD9-B67F-429C-A71C-C8FF938E7B1F}.Release|Any CPU.Build.0 = Release|Any CPU
		{C7F3A015-CABD-4746-A17E-5FC92D49B975}.Debug|Any CPU.ActiveCfg = Debug|Any CPU
		{C7F3A015-CABD-4746-A17E-5FC92D49B975}.Debug|Any CPU.Build.0 = Debug|Any CPU
		{C7F3A015-CABD-4746-A17E-5FC92D49B975}.Release|Any CPU.ActiveCfg = Release|Any CPU
		{C7F3A015-CABD-4746-A17E-5FC92D49B975}.Release|Any CPU.Build.0 = Release|Any CPU
		{A7CA9144-B049-48C1-B936-797FB51AD273}.Debug|Any CPU.ActiveCfg = Debug|Any CPU
		{A7CA9144-B049-48C1-B936-797FB51AD273}.Debug|Any CPU.Build.0 = Debug|Any CPU
		{A7CA9144-B049-48C1-B936-797FB51AD273}.Release|Any CPU.ActiveCfg = Release|Any CPU
		{A7CA9144-B049-48C1-B936-797FB51AD273}.Release|Any CPU.Build.0 = Release|Any CPU
		{93A91DC5-CF00-49BC-B414-07A5A7570D5F}.Debug|Any CPU.ActiveCfg = Debug|Any CPU
		{93A91DC5-CF00-49BC-B414-07A5A7570D5F}.Debug|Any CPU.Build.0 = Debug|Any CPU
		{93A91DC5-CF00-49BC-B414-07A5A7570D5F}.Release|Any CPU.ActiveCfg = Release|Any CPU
		{93A91DC5-CF00-49BC-B414-07A5A7570D5F}.Release|Any CPU.Build.0 = Release|Any CPU
		{BA0DF697-567B-452B-B408-F5B27CFF14B4}.Debug|Any CPU.ActiveCfg = Debug|Any CPU
		{BA0DF697-567B-452B-B408-F5B27CFF14B4}.Debug|Any CPU.Build.0 = Debug|Any CPU
		{BA0DF697-567B-452B-B408-F5B27CFF14B4}.Release|Any CPU.ActiveCfg = Release|Any CPU
		{BA0DF697-567B-452B-B408-F5B27CFF14B4}.Release|Any CPU.Build.0 = Release|Any CPU
		{C1200F90-12BE-4118-A81A-56DA45150404}.Debug|Any CPU.ActiveCfg = Debug|Any CPU
		{C1200F90-12BE-4118-A81A-56DA45150404}.Debug|Any CPU.Build.0 = Debug|Any CPU
		{C1200F90-12BE-4118-A81A-56DA45150404}.Release|Any CPU.ActiveCfg = Release|Any CPU
		{C1200F90-12BE-4118-A81A-56DA45150404}.Release|Any CPU.Build.0 = Release|Any CPU
		{FE41B6F2-8AF9-4275-B9E6-88F5D8A7E84E}.Debug|Any CPU.ActiveCfg = Debug|Any CPU
		{FE41B6F2-8AF9-4275-B9E6-88F5D8A7E84E}.Debug|Any CPU.Build.0 = Debug|Any CPU
		{FE41B6F2-8AF9-4275-B9E6-88F5D8A7E84E}.Release|Any CPU.ActiveCfg = Release|Any CPU
		{FE41B6F2-8AF9-4275-B9E6-88F5D8A7E84E}.Release|Any CPU.Build.0 = Release|Any CPU
		{2EFBEBA9-5763-4F4B-962A-EA9E382FD2F1}.Debug|Any CPU.ActiveCfg = Debug|Any CPU
		{2EFBEBA9-5763-4F4B-962A-EA9E382FD2F1}.Debug|Any CPU.Build.0 = Debug|Any CPU
		{2EFBEBA9-5763-4F4B-962A-EA9E382FD2F1}.Release|Any CPU.ActiveCfg = Release|Any CPU
		{2EFBEBA9-5763-4F4B-962A-EA9E382FD2F1}.Release|Any CPU.Build.0 = Release|Any CPU
		{9D2ABD8D-3A75-464A-97D7-96DDBADD77CA}.Debug|Any CPU.ActiveCfg = Debug|Any CPU
		{9D2ABD8D-3A75-464A-97D7-96DDBADD77CA}.Debug|Any CPU.Build.0 = Debug|Any CPU
		{9D2ABD8D-3A75-464A-97D7-96DDBADD77CA}.Release|Any CPU.ActiveCfg = Release|Any CPU
		{9D2ABD8D-3A75-464A-97D7-96DDBADD77CA}.Release|Any CPU.Build.0 = Release|Any CPU
		{EE32BF22-F780-4FCA-9737-8153EA2861FE}.Debug|Any CPU.ActiveCfg = Debug|Any CPU
		{EE32BF22-F780-4FCA-9737-8153EA2861FE}.Debug|Any CPU.Build.0 = Debug|Any CPU
		{EE32BF22-F780-4FCA-9737-8153EA2861FE}.Release|Any CPU.ActiveCfg = Release|Any CPU
		{EE32BF22-F780-4FCA-9737-8153EA2861FE}.Release|Any CPU.Build.0 = Release|Any CPU
		{E8AD5682-374B-49CB-899F-3C3CC4C9197F}.Debug|Any CPU.ActiveCfg = Debug|Any CPU
		{E8AD5682-374B-49CB-899F-3C3CC4C9197F}.Debug|Any CPU.Build.0 = Debug|Any CPU
		{E8AD5682-374B-49CB-899F-3C3CC4C9197F}.Release|Any CPU.ActiveCfg = Release|Any CPU
		{E8AD5682-374B-49CB-899F-3C3CC4C9197F}.Release|Any CPU.Build.0 = Release|Any CPU
		{1B77AC03-963A-4C1E-8737-AB6B4B3DC76C}.Debug|Any CPU.ActiveCfg = Debug|Any CPU
		{1B77AC03-963A-4C1E-8737-AB6B4B3DC76C}.Debug|Any CPU.Build.0 = Debug|Any CPU
		{1B77AC03-963A-4C1E-8737-AB6B4B3DC76C}.Release|Any CPU.ActiveCfg = Release|Any CPU
		{1B77AC03-963A-4C1E-8737-AB6B4B3DC76C}.Release|Any CPU.Build.0 = Release|Any CPU
		{D26A91F7-075C-44A8-AB3F-43F4908A8C31}.Debug|Any CPU.ActiveCfg = Debug|Any CPU
		{D26A91F7-075C-44A8-AB3F-43F4908A8C31}.Debug|Any CPU.Build.0 = Debug|Any CPU
		{D26A91F7-075C-44A8-AB3F-43F4908A8C31}.Release|Any CPU.ActiveCfg = Release|Any CPU
		{D26A91F7-075C-44A8-AB3F-43F4908A8C31}.Release|Any CPU.Build.0 = Release|Any CPU
		{367ACA6E-EE3F-40DF-A3F8-EC4E324F725C}.Debug|Any CPU.ActiveCfg = Debug|Any CPU
		{367ACA6E-EE3F-40DF-A3F8-EC4E324F725C}.Debug|Any CPU.Build.0 = Debug|Any CPU
		{367ACA6E-EE3F-40DF-A3F8-EC4E324F725C}.Release|Any CPU.ActiveCfg = Release|Any CPU
		{367ACA6E-EE3F-40DF-A3F8-EC4E324F725C}.Release|Any CPU.Build.0 = Release|Any CPU
		{CB8F374D-2527-4392-B0CA-FE8051F6379D}.Debug|Any CPU.ActiveCfg = Debug|Any CPU
		{CB8F374D-2527-4392-B0CA-FE8051F6379D}.Debug|Any CPU.Build.0 = Debug|Any CPU
		{CB8F374D-2527-4392-B0CA-FE8051F6379D}.Release|Any CPU.ActiveCfg = Release|Any CPU
		{CB8F374D-2527-4392-B0CA-FE8051F6379D}.Release|Any CPU.Build.0 = Release|Any CPU
		{943DBEF0-AD8E-468D-92E5-482E7A5DD475}.Debug|Any CPU.ActiveCfg = Debug|Any CPU
		{943DBEF0-AD8E-468D-92E5-482E7A5DD475}.Debug|Any CPU.Build.0 = Debug|Any CPU
		{943DBEF0-AD8E-468D-92E5-482E7A5DD475}.Release|Any CPU.ActiveCfg = Release|Any CPU
		{943DBEF0-AD8E-468D-92E5-482E7A5DD475}.Release|Any CPU.Build.0 = Release|Any CPU
		{FEE8A0A6-BDE6-4057-AD78-2B01F11422A9}.Debug|Any CPU.ActiveCfg = Debug|Any CPU
		{FEE8A0A6-BDE6-4057-AD78-2B01F11422A9}.Debug|Any CPU.Build.0 = Debug|Any CPU
		{FEE8A0A6-BDE6-4057-AD78-2B01F11422A9}.Release|Any CPU.ActiveCfg = Release|Any CPU
		{FEE8A0A6-BDE6-4057-AD78-2B01F11422A9}.Release|Any CPU.Build.0 = Release|Any CPU
		{A6A80795-4E2D-4C28-9EDA-C4008DD9FF64}.Debug|Any CPU.ActiveCfg = Debug|Any CPU
		{A6A80795-4E2D-4C28-9EDA-C4008DD9FF64}.Debug|Any CPU.Build.0 = Debug|Any CPU
		{A6A80795-4E2D-4C28-9EDA-C4008DD9FF64}.Release|Any CPU.ActiveCfg = Release|Any CPU
		{A6A80795-4E2D-4C28-9EDA-C4008DD9FF64}.Release|Any CPU.Build.0 = Release|Any CPU
		{9B3CDC8C-F3B4-4F3C-A9D2-26D355655EB8}.Debug|Any CPU.ActiveCfg = Debug|Any CPU
		{9B3CDC8C-F3B4-4F3C-A9D2-26D355655EB8}.Debug|Any CPU.Build.0 = Debug|Any CPU
		{9B3CDC8C-F3B4-4F3C-A9D2-26D355655EB8}.Release|Any CPU.ActiveCfg = Release|Any CPU
		{9B3CDC8C-F3B4-4F3C-A9D2-26D355655EB8}.Release|Any CPU.Build.0 = Release|Any CPU
		{BA63A8F8-F4EE-4AE9-BB62-F410324E931D}.Debug|Any CPU.ActiveCfg = Debug|Any CPU
		{BA63A8F8-F4EE-4AE9-BB62-F410324E931D}.Debug|Any CPU.Build.0 = Debug|Any CPU
		{BA63A8F8-F4EE-4AE9-BB62-F410324E931D}.Release|Any CPU.ActiveCfg = Release|Any CPU
		{BA63A8F8-F4EE-4AE9-BB62-F410324E931D}.Release|Any CPU.Build.0 = Release|Any CPU
		{30D7A310-AB4C-4B8D-B87D-BF8DEE66DD43}.Debug|Any CPU.ActiveCfg = Debug|Any CPU
		{30D7A310-AB4C-4B8D-B87D-BF8DEE66DD43}.Debug|Any CPU.Build.0 = Debug|Any CPU
		{30D7A310-AB4C-4B8D-B87D-BF8DEE66DD43}.Release|Any CPU.ActiveCfg = Release|Any CPU
		{30D7A310-AB4C-4B8D-B87D-BF8DEE66DD43}.Release|Any CPU.Build.0 = Release|Any CPU
		{B9931F93-B23D-4A1E-B75F-BC11C99A91D7}.Debug|Any CPU.ActiveCfg = Debug|Any CPU
		{B9931F93-B23D-4A1E-B75F-BC11C99A91D7}.Debug|Any CPU.Build.0 = Debug|Any CPU
		{B9931F93-B23D-4A1E-B75F-BC11C99A91D7}.Release|Any CPU.ActiveCfg = Release|Any CPU
		{B9931F93-B23D-4A1E-B75F-BC11C99A91D7}.Release|Any CPU.Build.0 = Release|Any CPU
		{56355B08-FB39-40BE-AB40-8EA9DEF2026C}.Debug|Any CPU.ActiveCfg = Debug|Any CPU
		{56355B08-FB39-40BE-AB40-8EA9DEF2026C}.Debug|Any CPU.Build.0 = Debug|Any CPU
		{56355B08-FB39-40BE-AB40-8EA9DEF2026C}.Release|Any CPU.ActiveCfg = Release|Any CPU
		{56355B08-FB39-40BE-AB40-8EA9DEF2026C}.Release|Any CPU.Build.0 = Release|Any CPU
		{829B0D94-F219-4DD1-A6A4-94DE963F8E81}.Debug|Any CPU.ActiveCfg = Debug|Any CPU
		{829B0D94-F219-4DD1-A6A4-94DE963F8E81}.Debug|Any CPU.Build.0 = Debug|Any CPU
		{829B0D94-F219-4DD1-A6A4-94DE963F8E81}.Release|Any CPU.ActiveCfg = Release|Any CPU
		{829B0D94-F219-4DD1-A6A4-94DE963F8E81}.Release|Any CPU.Build.0 = Release|Any CPU
		{5E9E19A7-57CC-45FA-B847-390267742607}.Debug|Any CPU.ActiveCfg = Debug|Any CPU
		{5E9E19A7-57CC-45FA-B847-390267742607}.Debug|Any CPU.Build.0 = Debug|Any CPU
		{5E9E19A7-57CC-45FA-B847-390267742607}.Release|Any CPU.ActiveCfg = Release|Any CPU
		{5E9E19A7-57CC-45FA-B847-390267742607}.Release|Any CPU.Build.0 = Release|Any CPU
		{2C0D34C2-C194-4BE4-9F36-649AE4A48753}.Debug|Any CPU.ActiveCfg = Debug|Any CPU
		{2C0D34C2-C194-4BE4-9F36-649AE4A48753}.Debug|Any CPU.Build.0 = Debug|Any CPU
		{2C0D34C2-C194-4BE4-9F36-649AE4A48753}.Release|Any CPU.ActiveCfg = Release|Any CPU
		{2C0D34C2-C194-4BE4-9F36-649AE4A48753}.Release|Any CPU.Build.0 = Release|Any CPU
		{77B98A55-C1B8-49B0-B50D-857025F528B2}.Debug|Any CPU.ActiveCfg = Debug|Any CPU
		{77B98A55-C1B8-49B0-B50D-857025F528B2}.Debug|Any CPU.Build.0 = Debug|Any CPU
		{77B98A55-C1B8-49B0-B50D-857025F528B2}.Release|Any CPU.ActiveCfg = Release|Any CPU
		{77B98A55-C1B8-49B0-B50D-857025F528B2}.Release|Any CPU.Build.0 = Release|Any CPU
		{A4696187-1946-406E-876B-375D794AEEB1}.Debug|Any CPU.ActiveCfg = Debug|Any CPU
		{A4696187-1946-406E-876B-375D794AEEB1}.Debug|Any CPU.Build.0 = Debug|Any CPU
		{A4696187-1946-406E-876B-375D794AEEB1}.Release|Any CPU.ActiveCfg = Release|Any CPU
		{A4696187-1946-406E-876B-375D794AEEB1}.Release|Any CPU.Build.0 = Release|Any CPU
		{3A752F2C-DA83-458A-A6CA-46C4835362A7}.Debug|Any CPU.ActiveCfg = Debug|Any CPU
		{3A752F2C-DA83-458A-A6CA-46C4835362A7}.Debug|Any CPU.Build.0 = Debug|Any CPU
		{3A752F2C-DA83-458A-A6CA-46C4835362A7}.Release|Any CPU.ActiveCfg = Release|Any CPU
		{3A752F2C-DA83-458A-A6CA-46C4835362A7}.Release|Any CPU.Build.0 = Release|Any CPU
		{BDBA7B9D-C614-48FF-A2A7-ACE7B41BE14F}.Debug|Any CPU.ActiveCfg = Debug|Any CPU
		{BDBA7B9D-C614-48FF-A2A7-ACE7B41BE14F}.Debug|Any CPU.Build.0 = Debug|Any CPU
		{BDBA7B9D-C614-48FF-A2A7-ACE7B41BE14F}.Release|Any CPU.ActiveCfg = Release|Any CPU
		{BDBA7B9D-C614-48FF-A2A7-ACE7B41BE14F}.Release|Any CPU.Build.0 = Release|Any CPU
		{32F919B2-5800-48ED-8E5D-0D46738AA5DF}.Debug|Any CPU.ActiveCfg = Debug|Any CPU
		{32F919B2-5800-48ED-8E5D-0D46738AA5DF}.Debug|Any CPU.Build.0 = Debug|Any CPU
		{32F919B2-5800-48ED-8E5D-0D46738AA5DF}.Release|Any CPU.ActiveCfg = Release|Any CPU
		{32F919B2-5800-48ED-8E5D-0D46738AA5DF}.Release|Any CPU.Build.0 = Release|Any CPU
		{2CD692C5-57CD-4529-889B-9982A491B534}.Debug|Any CPU.ActiveCfg = Debug|Any CPU
		{2CD692C5-57CD-4529-889B-9982A491B534}.Debug|Any CPU.Build.0 = Debug|Any CPU
		{2CD692C5-57CD-4529-889B-9982A491B534}.Release|Any CPU.ActiveCfg = Release|Any CPU
		{2CD692C5-57CD-4529-889B-9982A491B534}.Release|Any CPU.Build.0 = Release|Any CPU
		{C5519B98-1C76-4D0D-BB0C-28024456D4F2}.Debug|Any CPU.ActiveCfg = Debug|Any CPU
		{C5519B98-1C76-4D0D-BB0C-28024456D4F2}.Debug|Any CPU.Build.0 = Debug|Any CPU
		{C5519B98-1C76-4D0D-BB0C-28024456D4F2}.Release|Any CPU.ActiveCfg = Release|Any CPU
		{C5519B98-1C76-4D0D-BB0C-28024456D4F2}.Release|Any CPU.Build.0 = Release|Any CPU
	EndGlobalSection
	GlobalSection(SolutionProperties) = preSolution
		HideSolutionNode = FALSE
	EndGlobalSection
	GlobalSection(ExtensibilityGlobals) = postSolution
		SolutionGuid = {47B6DD51-A622-487D-A4DC-72D5F358E506}
	EndGlobalSection
EndGlobal
